
Microsoft Visual Studio Solution File, Format Version 12.00
# Visual Studio Version 18
VisualStudioVersion = 18.3.11429.125
MinimumVisualStudioVersion = 10.0.40219.1
Project("{2150E333-8FDC-42A3-9474-1A3956D46DE8}") = "src", "src", "{827E0CD3-B72D-47B6-A68D-7590B98EB39B}"
EndProject
Project("{FAE04EC0-301F-11D3-BF4B-00C04F79EFBC}") = "IdempotencyKey.Core", "src\IdempotencyKey.Core\IdempotencyKey.Core.csproj", "{5D6DC476-8C53-4278-A0D3-9248356F65DE}"
EndProject
Project("{FAE04EC0-301F-11D3-BF4B-00C04F79EFBC}") = "IdempotencyKey.AspNetCore", "src\IdempotencyKey.AspNetCore\IdempotencyKey.AspNetCore.csproj", "{6208B2E8-5118-4DAA-BC9A-DEC566C6CEBB}"
EndProject
Project("{FAE04EC0-301F-11D3-BF4B-00C04F79EFBC}") = "IdempotencyKey.Store.Memory", "src\IdempotencyKey.Store.Memory\IdempotencyKey.Store.Memory.csproj", "{1AB321CB-99D3-47F8-99DC-6DF6DE138CE6}"
EndProject
Project("{FAE04EC0-301F-11D3-BF4B-00C04F79EFBC}") = "IdempotencyKey.Store.Postgres", "src\IdempotencyKey.Store.Postgres\IdempotencyKey.Store.Postgres.csproj", "{B93118CD-87AA-4BCB-BE78-D24BDF337798}"
EndProject
Project("{FAE04EC0-301F-11D3-BF4B-00C04F79EFBC}") = "IdempotencyKey.Store.Redis", "src\IdempotencyKey.Store.Redis\IdempotencyKey.Store.Redis.csproj", "{41DDCB8E-6CD7-48F4-874B-955F53DE31E0}"
EndProject
Project("{2150E333-8FDC-42A3-9474-1A3956D46DE8}") = "samples", "samples", "{5D20AA90-6969-D8BD-9DCD-8634F4692FDA}"
EndProject
Project("{FAE04EC0-301F-11D3-BF4B-00C04F79EFBC}") = "WebApiAotSample", "samples\WebApiAotSample\WebApiAotSample.csproj", "{992DF26D-FFF1-4A1E-A65E-ACE2F354D893}"
EndProject
Project("{2150E333-8FDC-42A3-9474-1A3956D46DE8}") = "tests", "tests", "{0AB3BF05-4346-4AA6-1389-037BE0695223}"
EndProject
Project("{FAE04EC0-301F-11D3-BF4B-00C04F79EFBC}") = "IdempotencyKey.Tests", "tests\IdempotencyKey.Tests\IdempotencyKey.Tests.csproj", "{FEEA3DED-1041-44E1-B2A1-36FFE3AC5A8B}"
EndProject
Project("{2150E333-8FDC-42A3-9474-1A3956D46DE8}") = "benchmarks", "benchmarks", "{66320409-64EC-F7C5-3DEF-65E7510DAAD1}"
EndProject
Project("{FAE04EC0-301F-11D3-BF4B-00C04F79EFBC}") = "IdempotencyKey.Benchmarks", "benchmarks\IdempotencyKey.Benchmarks\IdempotencyKey.Benchmarks.csproj", "{04521820-7F94-4527-A59C-D92018E62989}"
EndProject
Project("{FAE04EC0-301F-11D3-BF4B-00C04F79EFBC}") = "IdempotencyKey.AspNetCore.Tests", "tests\IdempotencyKey.AspNetCore.Tests\IdempotencyKey.AspNetCore.Tests.csproj", "{6B7495FF-ED2F-5DF0-35B8-E9AD0151EE29}"
EndProject
Project("{FAE04EC0-301F-11D3-BF4B-00C04F79EFBC}") = "IdempotencyKey.Store.Redis.Tests", "tests\IdempotencyKey.Store.Redis.Tests\IdempotencyKey.Store.Redis.Tests.csproj", "{52A8B320-B5A6-475E-B39F-DB0CFBEB6C22}"
EndProject
Global
	GlobalSection(SolutionConfigurationPlatforms) = preSolution
		Debug|Any CPU = Debug|Any CPU
		Debug|x64 = Debug|x64
		Debug|x86 = Debug|x86
		Release|Any CPU = Release|Any CPU
		Release|x64 = Release|x64
		Release|x86 = Release|x86
	EndGlobalSection
	GlobalSection(ProjectConfigurationPlatforms) = postSolution
		{5D6DC476-8C53-4278-A0D3-9248356F65DE}.Debug|Any CPU.ActiveCfg = Debug|Any CPU
		{5D6DC476-8C53-4278-A0D3-9248356F65DE}.Debug|Any CPU.Build.0 = Debug|Any CPU
		{5D6DC476-8C53-4278-A0D3-9248356F65DE}.Debug|x64.ActiveCfg = Debug|Any CPU
		{5D6DC476-8C53-4278-A0D3-9248356F65DE}.Debug|x64.Build.0 = Debug|Any CPU
		{5D6DC476-8C53-4278-A0D3-9248356F65DE}.Debug|x86.ActiveCfg = Debug|Any CPU
		{5D6DC476-8C53-4278-A0D3-9248356F65DE}.Debug|x86.Build.0 = Debug|Any CPU
		{5D6DC476-8C53-4278-A0D3-9248356F65DE}.Release|Any CPU.ActiveCfg = Release|Any CPU
		{5D6DC476-8C53-4278-A0D3-9248356F65DE}.Release|Any CPU.Build.0 = Release|Any CPU
		{5D6DC476-8C53-4278-A0D3-9248356F65DE}.Release|x64.ActiveCfg = Release|Any CPU
		{5D6DC476-8C53-4278-A0D3-9248356F65DE}.Release|x64.Build.0 = Release|Any CPU
		{5D6DC476-8C53-4278-A0D3-9248356F65DE}.Release|x86.ActiveCfg = Release|Any CPU
		{5D6DC476-8C53-4278-A0D3-9248356F65DE}.Release|x86.Build.0 = Release|Any CPU
		{6208B2E8-5118-4DAA-BC9A-DEC566C6CEBB}.Debug|Any CPU.ActiveCfg = Debug|Any CPU
		{6208B2E8-5118-4DAA-BC9A-DEC566C6CEBB}.Debug|Any CPU.Build.0 = Debug|Any CPU
		{6208B2E8-5118-4DAA-BC9A-DEC566C6CEBB}.Debug|x64.ActiveCfg = Debug|Any CPU
		{6208B2E8-5118-4DAA-BC9A-DEC566C6CEBB}.Debug|x64.Build.0 = Debug|Any CPU
		{6208B2E8-5118-4DAA-BC9A-DEC566C6CEBB}.Debug|x86.ActiveCfg = Debug|Any CPU
		{6208B2E8-5118-4DAA-BC9A-DEC566C6CEBB}.Debug|x86.Build.0 = Debug|Any CPU
		{6208B2E8-5118-4DAA-BC9A-DEC566C6CEBB}.Release|Any CPU.ActiveCfg = Release|Any CPU
		{6208B2E8-5118-4DAA-BC9A-DEC566C6CEBB}.Release|Any CPU.Build.0 = Release|Any CPU
		{6208B2E8-5118-4DAA-BC9A-DEC566C6CEBB}.Release|x64.ActiveCfg = Release|Any CPU
		{6208B2E8-5118-4DAA-BC9A-DEC566C6CEBB}.Release|x64.Build.0 = Release|Any CPU
		{6208B2E8-5118-4DAA-BC9A-DEC566C6CEBB}.Release|x86.ActiveCfg = Release|Any CPU
		{6208B2E8-5118-4DAA-BC9A-DEC566C6CEBB}.Release|x86.Build.0 = Release|Any CPU
		{1AB321CB-99D3-47F8-99DC-6DF6DE138CE6}.Debug|Any CPU.ActiveCfg = Debug|Any CPU
		{1AB321CB-99D3-47F8-99DC-6DF6DE138CE6}.Debug|Any CPU.Build.0 = Debug|Any CPU
		{1AB321CB-99D3-47F8-99DC-6DF6DE138CE6}.Debug|x64.ActiveCfg = Debug|Any CPU
		{1AB321CB-99D3-47F8-99DC-6DF6DE138CE6}.Debug|x64.Build.0 = Debug|Any CPU
		{1AB321CB-99D3-47F8-99DC-6DF6DE138CE6}.Debug|x86.ActiveCfg = Debug|Any CPU
		{1AB321CB-99D3-47F8-99DC-6DF6DE138CE6}.Debug|x86.Build.0 = Debug|Any CPU
		{1AB321CB-99D3-47F8-99DC-6DF6DE138CE6}.Release|Any CPU.ActiveCfg = Release|Any CPU
		{1AB321CB-99D3-47F8-99DC-6DF6DE138CE6}.Release|Any CPU.Build.0 = Release|Any CPU
		{1AB321CB-99D3-47F8-99DC-6DF6DE138CE6}.Release|x64.ActiveCfg = Release|Any CPU
		{1AB321CB-99D3-47F8-99DC-6DF6DE138CE6}.Release|x64.Build.0 = Release|Any CPU
		{1AB321CB-99D3-47F8-99DC-6DF6DE138CE6}.Release|x86.ActiveCfg = Release|Any CPU
		{1AB321CB-99D3-47F8-99DC-6DF6DE138CE6}.Release|x86.Build.0 = Release|Any CPU
		{B93118CD-87AA-4BCB-BE78-D24BDF337798}.Debug|Any CPU.ActiveCfg = Debug|Any CPU
		{B93118CD-87AA-4BCB-BE78-D24BDF337798}.Debug|Any CPU.Build.0 = Debug|Any CPU
		{B93118CD-87AA-4BCB-BE78-D24BDF337798}.Debug|x64.ActiveCfg = Debug|Any CPU
		{B93118CD-87AA-4BCB-BE78-D24BDF337798}.Debug|x64.Build.0 = Debug|Any CPU
		{B93118CD-87AA-4BCB-BE78-D24BDF337798}.Debug|x86.ActiveCfg = Debug|Any CPU
		{B93118CD-87AA-4BCB-BE78-D24BDF337798}.Debug|x86.Build.0 = Debug|Any CPU
		{B93118CD-87AA-4BCB-BE78-D24BDF337798}.Release|Any CPU.ActiveCfg = Release|Any CPU
		{B93118CD-87AA-4BCB-BE78-D24BDF337798}.Release|Any CPU.Build.0 = Release|Any CPU
		{B93118CD-87AA-4BCB-BE78-D24BDF337798}.Release|x64.ActiveCfg = Release|Any CPU
		{B93118CD-87AA-4BCB-BE78-D24BDF337798}.Release|x64.Build.0 = Release|Any CPU
		{B93118CD-87AA-4BCB-BE78-D24BDF337798}.Release|x86.ActiveCfg = Release|Any CPU
		{B93118CD-87AA-4BCB-BE78-D24BDF337798}.Release|x86.Build.0 = Release|Any CPU
		{41DDCB8E-6CD7-48F4-874B-955F53DE31E0}.Debug|Any CPU.ActiveCfg = Debug|Any CPU
		{41DDCB8E-6CD7-48F4-874B-955F53DE31E0}.Debug|Any CPU.Build.0 = Debug|Any CPU
		{41DDCB8E-6CD7-48F4-874B-955F53DE31E0}.Debug|x64.ActiveCfg = Debug|Any CPU
		{41DDCB8E-6CD7-48F4-874B-955F53DE31E0}.Debug|x64.Build.0 = Debug|Any CPU
		{41DDCB8E-6CD7-48F4-874B-955F53DE31E0}.Debug|x86.ActiveCfg = Debug|Any CPU
		{41DDCB8E-6CD7-48F4-874B-955F53DE31E0}.Debug|x86.Build.0 = Debug|Any CPU
		{41DDCB8E-6CD7-48F4-874B-955F53DE31E0}.Release|Any CPU.ActiveCfg = Release|Any CPU
		{41DDCB8E-6CD7-48F4-874B-955F53DE31E0}.Release|Any CPU.Build.0 = Release|Any CPU
		{41DDCB8E-6CD7-48F4-874B-955F53DE31E0}.Release|x64.ActiveCfg = Release|Any CPU
		{41DDCB8E-6CD7-48F4-874B-955F53DE31E0}.Release|x64.Build.0 = Release|Any CPU
		{41DDCB8E-6CD7-48F4-874B-955F53DE31E0}.Release|x86.ActiveCfg = Release|Any CPU
		{41DDCB8E-6CD7-48F4-874B-955F53DE31E0}.Release|x86.Build.0 = Release|Any CPU
		{992DF26D-FFF1-4A1E-A65E-ACE2F354D893}.Debug|Any CPU.ActiveCfg = Debug|Any CPU
		{992DF26D-FFF1-4A1E-A65E-ACE2F354D893}.Debug|Any CPU.Build.0 = Debug|Any CPU
		{992DF26D-FFF1-4A1E-A65E-ACE2F354D893}.Debug|x64.ActiveCfg = Debug|Any CPU
		{992DF26D-FFF1-4A1E-A65E-ACE2F354D893}.Debug|x64.Build.0 = Debug|Any CPU
		{992DF26D-FFF1-4A1E-A65E-ACE2F354D893}.Debug|x86.ActiveCfg = Debug|Any CPU
		{992DF26D-FFF1-4A1E-A65E-ACE2F354D893}.Debug|x86.Build.0 = Debug|Any CPU
		{992DF26D-FFF1-4A1E-A65E-ACE2F354D893}.Release|Any CPU.ActiveCfg = Release|Any CPU
		{992DF26D-FFF1-4A1E-A65E-ACE2F354D893}.Release|Any CPU.Build.0 = Release|Any CPU
		{992DF26D-FFF1-4A1E-A65E-ACE2F354D893}.Release|x64.ActiveCfg = Release|Any CPU
		{992DF26D-FFF1-4A1E-A65E-ACE2F354D893}.Release|x64.Build.0 = Release|Any CPU
		{992DF26D-FFF1-4A1E-A65E-ACE2F354D893}.Release|x86.ActiveCfg = Release|Any CPU
		{992DF26D-FFF1-4A1E-A65E-ACE2F354D893}.Release|x86.Build.0 = Release|Any CPU
		{FEEA3DED-1041-44E1-B2A1-36FFE3AC5A8B}.Debug|Any CPU.ActiveCfg = Debug|Any CPU
		{FEEA3DED-1041-44E1-B2A1-36FFE3AC5A8B}.Debug|Any CPU.Build.0 = Debug|Any CPU
		{FEEA3DED-1041-44E1-B2A1-36FFE3AC5A8B}.Debug|x64.ActiveCfg = Debug|Any CPU
		{FEEA3DED-1041-44E1-B2A1-36FFE3AC5A8B}.Debug|x64.Build.0 = Debug|Any CPU
		{FEEA3DED-1041-44E1-B2A1-36FFE3AC5A8B}.Debug|x86.ActiveCfg = Debug|Any CPU
		{FEEA3DED-1041-44E1-B2A1-36FFE3AC5A8B}.Debug|x86.Build.0 = Debug|Any CPU
		{FEEA3DED-1041-44E1-B2A1-36FFE3AC5A8B}.Release|Any CPU.ActiveCfg = Release|Any CPU
		{FEEA3DED-1041-44E1-B2A1-36FFE3AC5A8B}.Release|Any CPU.Build.0 = Release|Any CPU
		{FEEA3DED-1041-44E1-B2A1-36FFE3AC5A8B}.Release|x64.ActiveCfg = Release|Any CPU
		{FEEA3DED-1041-44E1-B2A1-36FFE3AC5A8B}.Release|x64.Build.0 = Release|Any CPU
		{FEEA3DED-1041-44E1-B2A1-36FFE3AC5A8B}.Release|x86.ActiveCfg = Release|Any CPU
		{FEEA3DED-1041-44E1-B2A1-36FFE3AC5A8B}.Release|x86.Build.0 = Release|Any CPU
		{04521820-7F94-4527-A59C-D92018E62989}.Debug|Any CPU.ActiveCfg = Debug|Any CPU
		{04521820-7F94-4527-A59C-D92018E62989}.Debug|Any CPU.Build.0 = Debug|Any CPU
		{04521820-7F94-4527-A59C-D92018E62989}.Debug|x64.ActiveCfg = Debug|Any CPU
		{04521820-7F94-4527-A59C-D92018E62989}.Debug|x64.Build.0 = Debug|Any CPU
		{04521820-7F94-4527-A59C-D92018E62989}.Debug|x86.ActiveCfg = Debug|Any CPU
		{04521820-7F94-4527-A59C-D92018E62989}.Debug|x86.Build.0 = Debug|Any CPU
		{04521820-7F94-4527-A59C-D92018E62989}.Release|Any CPU.ActiveCfg = Release|Any CPU
		{04521820-7F94-4527-A59C-D92018E62989}.Release|Any CPU.Build.0 = Release|Any CPU
		{04521820-7F94-4527-A59C-D92018E62989}.Release|x64.ActiveCfg = Release|Any CPU
		{04521820-7F94-4527-A59C-D92018E62989}.Release|x64.Build.0 = Release|Any CPU
		{04521820-7F94-4527-A59C-D92018E62989}.Release|x86.ActiveCfg = Release|Any CPU
		{04521820-7F94-4527-A59C-D92018E62989}.Release|x86.Build.0 = Release|Any CPU
		{6B7495FF-ED2F-5DF0-35B8-E9AD0151EE29}.Debug|Any CPU.ActiveCfg = Debug|Any CPU
		{6B7495FF-ED2F-5DF0-35B8-E9AD0151EE29}.Debug|Any CPU.Build.0 = Debug|Any CPU
		{6B7495FF-ED2F-5DF0-35B8-E9AD0151EE29}.Debug|x64.ActiveCfg = Debug|Any CPU
		{6B7495FF-ED2F-5DF0-35B8-E9AD0151EE29}.Debug|x64.Build.0 = Debug|Any CPU
		{6B7495FF-ED2F-5DF0-35B8-E9AD0151EE29}.Debug|x86.ActiveCfg = Debug|Any CPU
		{6B7495FF-ED2F-5DF0-35B8-E9AD0151EE29}.Debug|x86.Build.0 = Debug|Any CPU
		{6B7495FF-ED2F-5DF0-35B8-E9AD0151EE29}.Release|Any CPU.ActiveCfg = Release|Any CPU
		{6B7495FF-ED2F-5DF0-35B8-E9AD0151EE29}.Release|Any CPU.Build.0 = Release|Any CPU
		{6B7495FF-ED2F-5DF0-35B8-E9AD0151EE29}.Release|x64.ActiveCfg = Release|Any CPU
		{6B7495FF-ED2F-5DF0-35B8-E9AD0151EE29}.Release|x64.Build.0 = Release|Any CPU
		{6B7495FF-ED2F-5DF0-35B8-E9AD0151EE29}.Release|x86.ActiveCfg = Release|Any CPU
		{6B7495FF-ED2F-5DF0-35B8-E9AD0151EE29}.Release|x86.Build.0 = Release|Any CPU
		{52A8B320-B5A6-475E-B39F-DB0CFBEB6C22}.Debug|Any CPU.ActiveCfg = Debug|Any CPU
		{52A8B320-B5A6-475E-B39F-DB0CFBEB6C22}.Debug|Any CPU.Build.0 = Debug|Any CPU
		{52A8B320-B5A6-475E-B39F-DB0CFBEB6C22}.Debug|x64.ActiveCfg = Debug|Any CPU
		{52A8B320-B5A6-475E-B39F-DB0CFBEB6C22}.Debug|x64.Build.0 = Debug|Any CPU
		{52A8B320-B5A6-475E-B39F-DB0CFBEB6C22}.Debug|x86.ActiveCfg = Debug|Any CPU
		{52A8B320-B5A6-475E-B39F-DB0CFBEB6C22}.Debug|x86.Build.0 = Debug|Any CPU
		{52A8B320-B5A6-475E-B39F-DB0CFBEB6C22}.Release|Any CPU.ActiveCfg = Release|Any CPU
		{52A8B320-B5A6-475E-B39F-DB0CFBEB6C22}.Release|Any CPU.Build.0 = Release|Any CPU
		{52A8B320-B5A6-475E-B39F-DB0CFBEB6C22}.Release|x64.ActiveCfg = Release|Any CPU
		{52A8B320-B5A6-475E-B39F-DB0CFBEB6C22}.Release|x64.Build.0 = Release|Any CPU
		{52A8B320-B5A6-475E-B39F-DB0CFBEB6C22}.Release|x86.ActiveCfg = Release|Any CPU
		{52A8B320-B5A6-475E-B39F-DB0CFBEB6C22}.Release|x86.Build.0 = Release|Any CPU
	EndGlobalSection
	GlobalSection(SolutionProperties) = preSolution
		HideSolutionNode = FALSE
	EndGlobalSection
	GlobalSection(NestedProjects) = preSolution
		{5D6DC476-8C53-4278-A0D3-9248356F65DE} = {827E0CD3-B72D-47B6-A68D-7590B98EB39B}
		{6208B2E8-5118-4DAA-BC9A-DEC566C6CEBB} = {827E0CD3-B72D-47B6-A68D-7590B98EB39B}
		{1AB321CB-99D3-47F8-99DC-6DF6DE138CE6} = {827E0CD3-B72D-47B6-A68D-7590B98EB39B}
		{B93118CD-87AA-4BCB-BE78-D24BDF337798} = {827E0CD3-B72D-47B6-A68D-7590B98EB39B}
		{41DDCB8E-6CD7-48F4-874B-955F53DE31E0} = {827E0CD3-B72D-47B6-A68D-7590B98EB39B}
		{992DF26D-FFF1-4A1E-A65E-ACE2F354D893} = {5D20AA90-6969-D8BD-9DCD-8634F4692FDA}
		{FEEA3DED-1041-44E1-B2A1-36FFE3AC5A8B} = {0AB3BF05-4346-4AA6-1389-037BE0695223}
		{04521820-7F94-4527-A59C-D92018E62989} = {66320409-64EC-F7C5-3DEF-65E7510DAAD1}
		{6B7495FF-ED2F-5DF0-35B8-E9AD0151EE29} = {0AB3BF05-4346-4AA6-1389-037BE0695223}
		{52A8B320-B5A6-475E-B39F-DB0CFBEB6C22} = {0AB3BF05-4346-4AA6-1389-037BE0695223}
	EndGlobalSection
EndGlobal
